
Microsoft Visual Studio Solution File, Format Version 12.00
# Visual Studio 15
VisualStudioVersion = 15.0.28010.2003
MinimumVisualStudioVersion = 10.0.40219.1
Project("{FAE04EC0-301F-11D3-BF4B-00C04F79EFBC}") = "FullStack.ControleTarefas.API", "FullStack.ControleTarefas.API\FullStack.ControleTarefas.API.csproj", "{88CF906D-D912-42C7-8DBE-AC05257B5E14}"
EndProject
Global
	GlobalSection(SolutionConfigurationPlatforms) = preSolution
		Debug|Any CPU = Debug|Any CPU
		Release|Any CPU = Release|Any CPU
	EndGlobalSection
	GlobalSection(ProjectConfigurationPlatforms) = postSolution
		{88CF906D-D912-42C7-8DBE-AC05257B5E14}.Debug|Any CPU.ActiveCfg = Debug|Any CPU
		{88CF906D-D912-42C7-8DBE-AC05257B5E14}.Debug|Any CPU.Build.0 = Debug|Any CPU
		{88CF906D-D912-42C7-8DBE-AC05257B5E14}.Release|Any CPU.ActiveCfg = Release|Any CPU
		{88CF906D-D912-42C7-8DBE-AC05257B5E14}.Release|Any CPU.Build.0 = Release|Any CPU
	EndGlobalSection
	GlobalSection(SolutionProperties) = preSolution
		HideSolutionNode = FALSE
	EndGlobalSection
	GlobalSection(ExtensibilityGlobals) = postSolution
		SolutionGuid = {84F4AAFD-6AC7-4CF0-B95D-F08A07D71479}
	EndGlobalSection
EndGlobal
